
Microsoft Visual Studio Solution File, Format Version 12.00
# Visual Studio Version 16
VisualStudioVersion = 16.0.30611.23
MinimumVisualStudioVersion = 10.0.40219.1
Project("{8BC9CEB8-8B4A-11D0-8D11-00A0C91BC942}") = "Project128", "Project128.vcxproj", "{5D76273F-6089-4873-8C95-4D5D997559EC}"
EndProject
Global
	GlobalSection(SolutionConfigurationPlatforms) = preSolution
		Debug|x64 = Debug|x64
		Debug|x86 = Debug|x86
		Release|x64 = Release|x64
		Release|x86 = Release|x86
	EndGlobalSection
	GlobalSection(ProjectConfigurationPlatforms) = postSolution
		{5D76273F-6089-4873-8C95-4D5D997559EC}.Debug|x64.ActiveCfg = Debug|x64
		{5D76273F-6089-4873-8C95-4D5D997559EC}.Debug|x64.Build.0 = Debug|x64
		{5D76273F-6089-4873-8C95-4D5D997559EC}.Debug|x86.ActiveCfg = Debug|Win32
		{5D76273F-6089-4873-8C95-4D5D997559EC}.Debug|x86.Build.0 = Debug|Win32
		{5D76273F-6089-4873-8C95-4D5D997559EC}.Release|x64.ActiveCfg = Release|x64
		{5D76273F-6089-4873-8C95-4D5D997559EC}.Release|x64.Build.0 = Release|x64
		{5D76273F-6089-4873-8C95-4D5D997559EC}.Release|x86.ActiveCfg = Release|Win32
		{5D76273F-6089-4873-8C95-4D5D997559EC}.Release|x86.Build.0 = Release|Win32
	EndGlobalSection
	GlobalSection(SolutionProperties) = preSolution
		HideSolutionNode = FALSE
	EndGlobalSection
	GlobalSection(ExtensibilityGlobals) = postSolution
		SolutionGuid = {80D0EB53-D910-4301-B961-02DFAF47DEB8}
	EndGlobalSection
EndGlobal
